
Microsoft Visual Studio Solution File, Format Version 12.00
# Visual Studio 15
VisualStudioVersion = 15.0.27130.2010
MinimumVisualStudioVersion = 10.0.40219.1
Project("{FAE04EC0-301F-11D3-BF4B-00C04F79EFBC}") = "OmegaInc.MultiPorpose.WEB", "OmegaInc.MultiPorpose.WEB\OmegaInc.MultiPorpose.WEB.csproj", "{166EF460-24A8-4FFB-81C4-2AD3B521165C}"
EndProject
Project("{FAE04EC0-301F-11D3-BF4B-00C04F79EFBC}") = "OmegaInc.MultiPorpose.WEB.Tests", "OmegaInc.MultiPorpose.WEB.Tests\OmegaInc.MultiPorpose.WEB.Tests.csproj", "{871DDD04-75E4-46B0-9D51-82932480B770}"
EndProject
Project("{2150E333-8FDC-42A3-9474-1A3956D46DE8}") = "Presentation", "Presentation", "{CB1A38FA-51D8-436A-B62D-0C2D575485EA}"
EndProject
Project("{2150E333-8FDC-42A3-9474-1A3956D46DE8}") = "Tests", "Tests", "{7F7DEDC1-7B25-4562-BA45-9FDA3FECBD7F}"
EndProject
Project("{2150E333-8FDC-42A3-9474-1A3956D46DE8}") = "Core", "Core", "{417E1343-5376-4755-B853-47493B03C630}"
EndProject
Project("{2150E333-8FDC-42A3-9474-1A3956D46DE8}") = "Persistence", "Persistence", "{097B1177-5B4F-4874-8240-EC024691BD96}"
EndProject
Project("{2150E333-8FDC-42A3-9474-1A3956D46DE8}") = "Repository", "Repository", "{6697AE28-D55D-4B5F-B748-C356BCD26543}"
EndProject
Project("{FAE04EC0-301F-11D3-BF4B-00C04F79EFBC}") = "OmegaInc.MultiPorpose.CoreData", "OmegaInc.MultiPorpose.CoreData\OmegaInc.MultiPorpose.CoreData.csproj", "{1CD7F51A-103C-4A49-B4DB-35CF7FD4B1B7}"
EndProject
Project("{FAE04EC0-301F-11D3-BF4B-00C04F79EFBC}") = "OmegaInc.MultiPorpose.Data", "OmegaInc.MultiPorpose.Data\OmegaInc.MultiPorpose.Data.csproj", "{D8F041EF-2FD3-42CF-88F1-BBF9DD47E31E}"
EndProject
Project("{FAE04EC0-301F-11D3-BF4B-00C04F79EFBC}") = "OmegaInc.MultiPorpose.Repository.Entity", "OmegaInc.MultiPorpose.Repository.Entity\OmegaInc.MultiPorpose.Repository.Entity.csproj", "{549B37E5-C0EE-4F2A-A724-3E4ED5C27C93}"
EndProject
Global
	GlobalSection(SolutionConfigurationPlatforms) = preSolution
		Debug|Any CPU = Debug|Any CPU
		Release|Any CPU = Release|Any CPU
	EndGlobalSection
	GlobalSection(ProjectConfigurationPlatforms) = postSolution
		{166EF460-24A8-4FFB-81C4-2AD3B521165C}.Debug|Any CPU.ActiveCfg = Debug|Any CPU
		{166EF460-24A8-4FFB-81C4-2AD3B521165C}.Debug|Any CPU.Build.0 = Debug|Any CPU
		{166EF460-24A8-4FFB-81C4-2AD3B521165C}.Release|Any CPU.ActiveCfg = Release|Any CPU
		{166EF460-24A8-4FFB-81C4-2AD3B521165C}.Release|Any CPU.Build.0 = Release|Any CPU
		{871DDD04-75E4-46B0-9D51-82932480B770}.Debug|Any CPU.ActiveCfg = Debug|Any CPU
		{871DDD04-75E4-46B0-9D51-82932480B770}.Debug|Any CPU.Build.0 = Debug|Any CPU
		{871DDD04-75E4-46B0-9D51-82932480B770}.Release|Any CPU.ActiveCfg = Release|Any CPU
		{871DDD04-75E4-46B0-9D51-82932480B770}.Release|Any CPU.Build.0 = Release|Any CPU
		{1CD7F51A-103C-4A49-B4DB-35CF7FD4B1B7}.Debug|Any CPU.ActiveCfg = Debug|Any CPU
		{1CD7F51A-103C-4A49-B4DB-35CF7FD4B1B7}.Debug|Any CPU.Build.0 = Debug|Any CPU
		{1CD7F51A-103C-4A49-B4DB-35CF7FD4B1B7}.Release|Any CPU.ActiveCfg = Release|Any CPU
		{1CD7F51A-103C-4A49-B4DB-35CF7FD4B1B7}.Release|Any CPU.Build.0 = Release|Any CPU
		{D8F041EF-2FD3-42CF-88F1-BBF9DD47E31E}.Debug|Any CPU.ActiveCfg = Debug|Any CPU
		{D8F041EF-2FD3-42CF-88F1-BBF9DD47E31E}.Debug|Any CPU.Build.0 = Debug|Any CPU
		{D8F041EF-2FD3-42CF-88F1-BBF9DD47E31E}.Release|Any CPU.ActiveCfg = Release|Any CPU
		{D8F041EF-2FD3-42CF-88F1-BBF9DD47E31E}.Release|Any CPU.Build.0 = Release|Any CPU
		{549B37E5-C0EE-4F2A-A724-3E4ED5C27C93}.Debug|Any CPU.ActiveCfg = Debug|Any CPU
		{549B37E5-C0EE-4F2A-A724-3E4ED5C27C93}.Debug|Any CPU.Build.0 = Debug|Any CPU
		{549B37E5-C0EE-4F2A-A724-3E4ED5C27C93}.Release|Any CPU.ActiveCfg = Release|Any CPU
		{549B37E5-C0EE-4F2A-A724-3E4ED5C27C93}.Release|Any CPU.Build.0 = Release|Any CPU
	EndGlobalSection
	GlobalSection(SolutionProperties) = preSolution
		HideSolutionNode = FALSE
	EndGlobalSection
	GlobalSection(NestedProjects) = preSolution
		{166EF460-24A8-4FFB-81C4-2AD3B521165C} = {CB1A38FA-51D8-436A-B62D-0C2D575485EA}
		{871DDD04-75E4-46B0-9D51-82932480B770} = {7F7DEDC1-7B25-4562-BA45-9FDA3FECBD7F}
		{1CD7F51A-103C-4A49-B4DB-35CF7FD4B1B7} = {417E1343-5376-4755-B853-47493B03C630}
		{D8F041EF-2FD3-42CF-88F1-BBF9DD47E31E} = {097B1177-5B4F-4874-8240-EC024691BD96}
		{549B37E5-C0EE-4F2A-A724-3E4ED5C27C93} = {6697AE28-D55D-4B5F-B748-C356BCD26543}
	EndGlobalSection
	GlobalSection(ExtensibilityGlobals) = postSolution
		SolutionGuid = {DE78817B-348F-48FC-AFB2-860D3051F682}
	EndGlobalSection
EndGlobal
